
Microsoft Visual Studio Solution File, Format Version 12.00
# Visual Studio Version 17
VisualStudioVersion = 17.3.32929.385
MinimumVisualStudioVersion = 10.0.40219.1
Project("{FAE04EC0-301F-11D3-BF4B-00C04F79EFBC}") = "lab4_2", "lab4_2.csproj", "{12F27031-9540-4442-8C63-A009B372AE10}"
EndProject
Global
	GlobalSection(SolutionConfigurationPlatforms) = preSolution
		Debug|Any CPU = Debug|Any CPU
		Release|Any CPU = Release|Any CPU
	EndGlobalSection
	GlobalSection(ProjectConfigurationPlatforms) = postSolution
		{12F27031-9540-4442-8C63-A009B372AE10}.Debug|Any CPU.ActiveCfg = Debug|Any CPU
		{12F27031-9540-4442-8C63-A009B372AE10}.Debug|Any CPU.Build.0 = Debug|Any CPU
		{12F27031-9540-4442-8C63-A009B372AE10}.Release|Any CPU.ActiveCfg = Release|Any CPU
		{12F27031-9540-4442-8C63-A009B372AE10}.Release|Any CPU.Build.0 = Release|Any CPU
	EndGlobalSection
	GlobalSection(SolutionProperties) = preSolution
		HideSolutionNode = FALSE
	EndGlobalSection
	GlobalSection(ExtensibilityGlobals) = postSolution
		SolutionGuid = {01CF7DA9-976B-417A-A6CE-DD07882E5DEA}
	EndGlobalSection
EndGlobal
